
Microsoft Visual Studio Solution File, Format Version 12.00
# Visual Studio Version 16
VisualStudioVersion = 16.0.30204.135
MinimumVisualStudioVersion = 10.0.40219.1
Project("{FAE04EC0-301F-11D3-BF4B-00C04F79EFBC}") = "Ink-Libraries", "Ink-Libraries.csproj", "{F3CE6C1D-28F1-29E1-7443-806220785456}"
EndProject
Project("{FAE04EC0-301F-11D3-BF4B-00C04F79EFBC}") = "Assembly-CSharp", "Assembly-CSharp.csproj", "{2A1B3620-4FBE-53C1-A49E-B5E199FAB9AF}"
EndProject
Project("{FAE04EC0-301F-11D3-BF4B-00C04F79EFBC}") = "InkEditor", "InkEditor.csproj", "{286F830E-BD7D-0949-5173-19392CA55461}"
EndProject
Project("{FAE04EC0-301F-11D3-BF4B-00C04F79EFBC}") = "Assembly-CSharp-Editor", "Assembly-CSharp-Editor.csproj", "{24AC9114-3E4E-CC1A-498A-6986E3D5730E}"
EndProject
Global
	GlobalSection(SolutionConfigurationPlatforms) = preSolution
		Debug|Any CPU = Debug|Any CPU
		Release|Any CPU = Release|Any CPU
	EndGlobalSection
	GlobalSection(ProjectConfigurationPlatforms) = postSolution
		{F3CE6C1D-28F1-29E1-7443-806220785456}.Debug|Any CPU.ActiveCfg = Debug|Any CPU
		{F3CE6C1D-28F1-29E1-7443-806220785456}.Debug|Any CPU.Build.0 = Debug|Any CPU
		{F3CE6C1D-28F1-29E1-7443-806220785456}.Release|Any CPU.ActiveCfg = Release|Any CPU
		{F3CE6C1D-28F1-29E1-7443-806220785456}.Release|Any CPU.Build.0 = Release|Any CPU
		{2A1B3620-4FBE-53C1-A49E-B5E199FAB9AF}.Debug|Any CPU.ActiveCfg = Debug|Any CPU
		{2A1B3620-4FBE-53C1-A49E-B5E199FAB9AF}.Debug|Any CPU.Build.0 = Debug|Any CPU
		{2A1B3620-4FBE-53C1-A49E-B5E199FAB9AF}.Release|Any CPU.ActiveCfg = Release|Any CPU
		{2A1B3620-4FBE-53C1-A49E-B5E199FAB9AF}.Release|Any CPU.Build.0 = Release|Any CPU
		{286F830E-BD7D-0949-5173-19392CA55461}.Debug|Any CPU.ActiveCfg = Debug|Any CPU
		{286F830E-BD7D-0949-5173-19392CA55461}.Debug|Any CPU.Build.0 = Debug|Any CPU
		{286F830E-BD7D-0949-5173-19392CA55461}.Release|Any CPU.ActiveCfg = Release|Any CPU
		{286F830E-BD7D-0949-5173-19392CA55461}.Release|Any CPU.Build.0 = Release|Any CPU
		{24AC9114-3E4E-CC1A-498A-6986E3D5730E}.Debug|Any CPU.ActiveCfg = Debug|Any CPU
		{24AC9114-3E4E-CC1A-498A-6986E3D5730E}.Debug|Any CPU.Build.0 = Debug|Any CPU
		{24AC9114-3E4E-CC1A-498A-6986E3D5730E}.Release|Any CPU.ActiveCfg = Release|Any CPU
		{24AC9114-3E4E-CC1A-498A-6986E3D5730E}.Release|Any CPU.Build.0 = Release|Any CPU
	EndGlobalSection
	GlobalSection(SolutionProperties) = preSolution
		HideSolutionNode = FALSE
	EndGlobalSection
	GlobalSection(ExtensibilityGlobals) = postSolution
		SolutionGuid = {52CBE575-4D66-418F-8EB6-3F3FD6FE4AC3}
	EndGlobalSection
EndGlobal
